
Microsoft Visual Studio Solution File, Format Version 12.00
# Visual Studio 14
VisualStudioVersion = 14.0.25420.1
MinimumVisualStudioVersion = 10.0.40219.1
Project("{FAE04EC0-301F-11D3-BF4B-00C04F79EFBC}") = "CD03_Pfeiffer", "CD03_Pfeiffer\CD03_Pfeiffer.csproj", "{6B998389-E681-4CEF-8237-38C5C1FA0C4D}"
EndProject
Global
	GlobalSection(SolutionConfigurationPlatforms) = preSolution
		Debug|Any CPU = Debug|Any CPU
		Release|Any CPU = Release|Any CPU
	EndGlobalSection
	GlobalSection(ProjectConfigurationPlatforms) = postSolution
		{6B998389-E681-4CEF-8237-38C5C1FA0C4D}.Debug|Any CPU.ActiveCfg = Debug|Any CPU
		{6B998389-E681-4CEF-8237-38C5C1FA0C4D}.Debug|Any CPU.Build.0 = Debug|Any CPU
		{6B998389-E681-4CEF-8237-38C5C1FA0C4D}.Release|Any CPU.ActiveCfg = Release|Any CPU
		{6B998389-E681-4CEF-8237-38C5C1FA0C4D}.Release|Any CPU.Build.0 = Release|Any CPU
	EndGlobalSection
	GlobalSection(SolutionProperties) = preSolution
		HideSolutionNode = FALSE
	EndGlobalSection
EndGlobal
